<?xml version="1.0" encoding="UTF-8"?>
<!DOCTYPE plist PUBLIC "-//Apple//DTD PLIST 1.0//EN" "http://www.apple.com/DTDs/PropertyList-1.0.dtd">
<plist version="1.0">
<dict>
	<key>archiveVersion</key>
	<string>1</string>
	<key>classes</key>
	<dict/>
	<key>objectVersion</key>
	<string>46</string>
	<key>objects</key>
	<dict>
		<key>8CF536F35F2D4D78911CCC1D</key>
		<dict>
			<key>explicitFileType</key>
			<string>archive.ar</string>
			<key>includeInIndex</key>
			<string>0</string>
			<key>isa</key>
			<string>PBXFileReference</string>
			<key>path</key>
			<string>libPods.a</string>
			<key>sourceTree</key>
			<string>BUILT_PRODUCTS_DIR</string>
		</dict>
		<key>A28F3A5B31854A0A9B416A60</key>
		<dict>
			<key>buildActionMask</key>
			<string>2147483647</string>
			<key>files</key>
			<array/>
			<key>inputPaths</key>
			<array/>
			<key>isa</key>
			<string>PBXShellScriptBuildPhase</string>
			<key>name</key>
			<string>Check Pods Manifest.lock</string>
			<key>outputPaths</key>
			<array/>
			<key>runOnlyForDeploymentPostprocessing</key>
			<string>0</string>
			<key>shellPath</key>
			<string>/bin/sh</string>
			<key>shellScript</key>
			<string>diff "${PODS_ROOT}/../Podfile.lock" "${PODS_ROOT}/Manifest.lock" &gt; /dev/null
if [[ $? != 0 ]] ; then
    cat &lt;&lt; EOM
error: The sandbox is not in sync with the Podfile.lock. Run 'pod install' or update your CocoaPods installation.
EOM
    exit 1
fi
</string>
			<key>showEnvVarsInLog</key>
			<string>0</string>
		</dict>
		<key>A8BECEAAFAE24E57BE6DA62B</key>
		<dict>
			<key>includeInIndex</key>
			<string>1</string>
			<key>isa</key>
			<string>PBXFileReference</string>
			<key>lastKnownFileType</key>
			<string>text.xcconfig</string>
			<key>name</key>
			<string>Pods.xcconfig</string>
			<key>path</key>
			<string>Pods/Pods.xcconfig</string>
			<key>sourceTree</key>
			<string>&lt;group&gt;</string>
		</dict>
		<key>CEF8A80B1C5D4E90B12C567F</key>
		<dict>
			<key>fileRef</key>
			<string>8CF536F35F2D4D78911CCC1D</string>
			<key>isa</key>
			<string>PBXBuildFile</string>
		</dict>
		<key>DDEA5ADFF46A4082BCC70E88</key>
		<dict>
			<key>buildActionMask</key>
			<string>2147483647</string>
			<key>files</key>
			<array/>
			<key>inputPaths</key>
			<array/>
			<key>isa</key>
			<string>PBXShellScriptBuildPhase</string>
			<key>name</key>
			<string>Copy Pods Resources</string>
			<key>outputPaths</key>
			<array/>
			<key>runOnlyForDeploymentPostprocessing</key>
			<string>0</string>
			<key>shellPath</key>
			<string>/bin/sh</string>
			<key>shellScript</key>
			<string>"${SRCROOT}/Pods/Pods-resources.sh"
</string>
			<key>showEnvVarsInLog</key>
			<string>0</string>
		</dict>
		<key>F18D07C61997F25300E161D0</key>
		<dict>
			<key>children</key>
			<array>
				<string>F18D07C71997F25300E161D0</string>
				<string>F18D07C81997F25300E161D0</string>
				<string>F18D07C91997F25300E161D0</string>
				<string>F18D07CA1997F25300E161D0</string>
			</array>
			<key>isa</key>
			<string>PBXGroup</string>
			<key>path</key>
			<string>lib</string>
			<key>sourceTree</key>
			<string>&lt;group&gt;</string>
		</dict>
		<key>F18D07C71997F25300E161D0</key>
		<dict>
			<key>fileEncoding</key>
			<string>4</string>
			<key>isa</key>
			<string>PBXFileReference</string>
			<key>lastKnownFileType</key>
			<string>sourcecode.c.h</string>
			<key>path</key>
			<string>PRTweenTimingFunctions.h</string>
			<key>sourceTree</key>
			<string>&lt;group&gt;</string>
		</dict>
		<key>F18D07C81997F25300E161D0</key>
		<dict>
			<key>fileEncoding</key>
			<string>4</string>
			<key>isa</key>
			<string>PBXFileReference</string>
			<key>lastKnownFileType</key>
			<string>sourcecode.c.objc</string>
			<key>path</key>
			<string>PRTweenTimingFunctions.m</string>
			<key>sourceTree</key>
			<string>&lt;group&gt;</string>
		</dict>
		<key>F18D07C91997F25300E161D0</key>
		<dict>
			<key>fileEncoding</key>
			<string>4</string>
			<key>isa</key>
			<string>PBXFileReference</string>
			<key>lastKnownFileType</key>
			<string>sourcecode.c.h</string>
			<key>path</key>
			<string>TFAnimator.h</string>
			<key>sourceTree</key>
			<string>&lt;group&gt;</string>
		</dict>
		<key>F18D07CA1997F25300E161D0</key>
		<dict>
			<key>fileEncoding</key>
			<string>4</string>
			<key>isa</key>
			<string>PBXFileReference</string>
			<key>lastKnownFileType</key>
			<string>sourcecode.c.objc</string>
			<key>path</key>
			<string>TFAnimator.m</string>
			<key>sourceTree</key>
			<string>&lt;group&gt;</string>
		</dict>
		<key>F18D07CB1997F25300E161D0</key>
		<dict>
			<key>fileRef</key>
			<string>F18D07C81997F25300E161D0</string>
			<key>isa</key>
			<string>PBXBuildFile</string>
		</dict>
		<key>F18D07CC1997F25300E161D0</key>
		<dict>
			<key>fileRef</key>
			<string>F18D07CA1997F25300E161D0</string>
			<key>isa</key>
			<string>PBXBuildFile</string>
		</dict>
		<key>F1F2949E198D147B00DDC1FB</key>
		<dict>
			<key>children</key>
			<array>
				<string>F18D07C61997F25300E161D0</string>
				<string>F1F294B0198D147B00DDC1FB</string>
				<string>F1F294A9198D147B00DDC1FB</string>
				<string>F1F294A8198D147B00DDC1FB</string>
				<string>A8BECEAAFAE24E57BE6DA62B</string>
			</array>
			<key>isa</key>
			<string>PBXGroup</string>
			<key>sourceTree</key>
			<string>&lt;group&gt;</string>
		</dict>
		<key>F1F2949F198D147B00DDC1FB</key>
		<dict>
			<key>attributes</key>
			<dict>
				<key>CLASSPREFIX</key>
				<string>TF</string>
				<key>LastUpgradeCheck</key>
				<string>0510</string>
			</dict>
			<key>buildConfigurationList</key>
			<string>F1F294A2198D147B00DDC1FB</string>
			<key>compatibilityVersion</key>
			<string>Xcode 3.2</string>
			<key>developmentRegion</key>
			<string>English</string>
			<key>hasScannedForEncodings</key>
			<string>0</string>
			<key>isa</key>
			<string>PBXProject</string>
			<key>knownRegions</key>
			<array>
				<string>en</string>
				<string>Base</string>
			</array>
			<key>mainGroup</key>
			<string>F1F2949E198D147B00DDC1FB</string>
			<key>productRefGroup</key>
			<string>F1F294A8198D147B00DDC1FB</string>
			<key>projectDirPath</key>
			<string></string>
			<key>projectReferences</key>
			<array/>
			<key>projectRoot</key>
			<string></string>
			<key>targets</key>
			<array>
				<string>F1F294A6198D147B00DDC1FB</string>
			</array>
		</dict>
		<key>F1F294A2198D147B00DDC1FB</key>
		<dict>
			<key>buildConfigurations</key>
			<array>
				<string>F1F294D7198D147B00DDC1FB</string>
				<string>F1F294D8198D147B00DDC1FB</string>
			</array>
			<key>defaultConfigurationIsVisible</key>
			<string>0</string>
			<key>defaultConfigurationName</key>
			<string>Release</string>
			<key>isa</key>
			<string>XCConfigurationList</string>
		</dict>
		<key>F1F294A3198D147B00DDC1FB</key>
		<dict>
			<key>buildActionMask</key>
			<string>2147483647</string>
			<key>files</key>
			<array>
				<string>F1F294BB198D147B00DDC1FB</string>
				<string>F18D07CB1997F25300E161D0</string>
				<string>F1F2951A198E32C300DDC1FB</string>
				<string>F1F29522198E341500DDC1FB</string>
				<string>F1F2951C198E32C300DDC1FB</string>
				<string>F1F2951D198E32C300DDC1FB</string>
				<string>F1F29519198E32C300DDC1FB</string>
				<string>F1F2951B198E32C300DDC1FB</string>
				<string>F18D07CC1997F25300E161D0</string>
				<string>F1F2951E198E32C300DDC1FB</string>
				<string>F1F294F1198D2A9200DDC1FB</string>
				<string>F1F294FB198D694100DDC1FB</string>
				<string>F1F294B7198D147B00DDC1FB</string>
			</array>
			<key>isa</key>
			<string>PBXSourcesBuildPhase</string>
			<key>runOnlyForDeploymentPostprocessing</key>
			<string>0</string>
		</dict>
		<key>F1F294A4198D147B00DDC1FB</key>
		<dict>
			<key>buildActionMask</key>
			<string>2147483647</string>
			<key>files</key>
			<array>
				<string>F1F294AD198D147B00DDC1FB</string>
				<string>F1F294AF198D147B00DDC1FB</string>
				<string>F1F294AB198D147B00DDC1FB</string>
				<string>CEF8A80B1C5D4E90B12C567F</string>
			</array>
			<key>isa</key>
			<string>PBXFrameworksBuildPhase</string>
			<key>runOnlyForDeploymentPostprocessing</key>
			<string>0</string>
		</dict>
		<key>F1F294A5198D147B00DDC1FB</key>
		<dict>
			<key>buildActionMask</key>
			<string>2147483647</string>
			<key>files</key>
			<array>
				<string>F1F294C3198D147B00DDC1FB</string>
				<string>F1F294B5198D147B00DDC1FB</string>
				<string>F1F294BE198D147B00DDC1FB</string>
			</array>
			<key>isa</key>
			<string>PBXResourcesBuildPhase</string>
			<key>runOnlyForDeploymentPostprocessing</key>
			<string>0</string>
		</dict>
		<key>F1F294A6198D147B00DDC1FB</key>
		<dict>
			<key>buildConfigurationList</key>
			<string>F1F294D9198D147B00DDC1FB</string>
			<key>buildPhases</key>
			<array>
				<string>A28F3A5B31854A0A9B416A60</string>
				<string>F1F294A3198D147B00DDC1FB</string>
				<string>F1F294A4198D147B00DDC1FB</string>
				<string>F1F294A5198D147B00DDC1FB</string>
				<string>DDEA5ADFF46A4082BCC70E88</string>
			</array>
			<key>buildRules</key>
			<array/>
			<key>dependencies</key>
			<array/>
			<key>isa</key>
			<string>PBXNativeTarget</string>
			<key>name</key>
			<string>TFAnimator</string>
			<key>productName</key>
			<string>TFAnimator</string>
			<key>productReference</key>
			<string>F1F294A7198D147B00DDC1FB</string>
			<key>productType</key>
			<string>com.apple.product-type.application</string>
		</dict>
		<key>F1F294A7198D147B00DDC1FB</key>
		<dict>
			<key>explicitFileType</key>
			<string>wrapper.application</string>
			<key>includeInIndex</key>
			<string>0</string>
			<key>isa</key>
			<string>PBXFileReference</string>
			<key>path</key>
			<string>TFAnimator.app</string>
			<key>sourceTree</key>
			<string>BUILT_PRODUCTS_DIR</string>
		</dict>
		<key>F1F294A8198D147B00DDC1FB</key>
		<dict>
			<key>children</key>
			<array>
				<string>F1F294A7198D147B00DDC1FB</string>
			</array>
			<key>isa</key>
			<string>PBXGroup</string>
			<key>name</key>
			<string>Products</string>
			<key>sourceTree</key>
			<string>&lt;group&gt;</string>
		</dict>
		<key>F1F294A9198D147B00DDC1FB</key>
		<dict>
			<key>children</key>
			<array>
				<string>F1F294AA198D147B00DDC1FB</string>
				<string>F1F294AC198D147B00DDC1FB</string>
				<string>F1F294AE198D147B00DDC1FB</string>
				<string>8CF536F35F2D4D78911CCC1D</string>
			</array>
			<key>isa</key>
			<string>PBXGroup</string>
			<key>name</key>
			<string>Frameworks</string>
			<key>sourceTree</key>
			<string>&lt;group&gt;</string>
		</dict>
		<key>F1F294AA198D147B00DDC1FB</key>
		<dict>
			<key>isa</key>
			<string>PBXFileReference</string>
			<key>lastKnownFileType</key>
			<string>wrapper.framework</string>
			<key>name</key>
			<string>Foundation.framework</string>
			<key>path</key>
			<string>System/Library/Frameworks/Foundation.framework</string>
			<key>sourceTree</key>
			<string>SDKROOT</string>
		</dict>
		<key>F1F294AB198D147B00DDC1FB</key>
		<dict>
			<key>fileRef</key>
			<string>F1F294AA198D147B00DDC1FB</string>
			<key>isa</key>
			<string>PBXBuildFile</string>
		</dict>
		<key>F1F294AC198D147B00DDC1FB</key>
		<dict>
			<key>isa</key>
			<string>PBXFileReference</string>
			<key>lastKnownFileType</key>
			<string>wrapper.framework</string>
			<key>name</key>
			<string>CoreGraphics.framework</string>
			<key>path</key>
			<string>System/Library/Frameworks/CoreGraphics.framework</string>
			<key>sourceTree</key>
			<string>SDKROOT</string>
		</dict>
		<key>F1F294AD198D147B00DDC1FB</key>
		<dict>
			<key>fileRef</key>
			<string>F1F294AC198D147B00DDC1FB</string>
			<key>isa</key>
			<string>PBXBuildFile</string>
		</dict>
		<key>F1F294AE198D147B00DDC1FB</key>
		<dict>
			<key>isa</key>
			<string>PBXFileReference</string>
			<key>lastKnownFileType</key>
			<string>wrapper.framework</string>
			<key>name</key>
			<string>UIKit.framework</string>
			<key>path</key>
			<string>System/Library/Frameworks/UIKit.framework</string>
			<key>sourceTree</key>
			<string>SDKROOT</string>
		</dict>
		<key>F1F294AF198D147B00DDC1FB</key>
		<dict>
			<key>fileRef</key>
			<string>F1F294AE198D147B00DDC1FB</string>
			<key>isa</key>
			<string>PBXBuildFile</string>
		</dict>
		<key>F1F294B0198D147B00DDC1FB</key>
		<dict>
			<key>children</key>
			<array>
				<string>F1F294BC198D147B00DDC1FB</string>
				<string>F1F294B9198D147B00DDC1FB</string>
				<string>F1F294BA198D147B00DDC1FB</string>
				<string>F1F294EE198D2A7F00DDC1FB</string>
				<string>F1F294F5198D578B00DDC1FB</string>
				<string>F1F294E7198D220A00DDC1FB</string>
				<string>F1F294B1198D147B00DDC1FB</string>
			</array>
			<key>isa</key>
			<string>PBXGroup</string>
			<key>path</key>
			<string>TFAnimator</string>
			<key>sourceTree</key>
			<string>&lt;group&gt;</string>
		</dict>
		<key>F1F294B1198D147B00DDC1FB</key>
		<dict>
			<key>children</key>
			<array>
				<string>F1F294C2198D147B00DDC1FB</string>
				<string>F1F294B2198D147B00DDC1FB</string>
				<string>F1F294B3198D147B00DDC1FB</string>
				<string>F1F294B6198D147B00DDC1FB</string>
				<string>F1F294B8198D147B00DDC1FB</string>
			</array>
			<key>isa</key>
			<string>PBXGroup</string>
			<key>name</key>
			<string>Supporting Files</string>
			<key>sourceTree</key>
			<string>&lt;group&gt;</string>
		</dict>
		<key>F1F294B2198D147B00DDC1FB</key>
		<dict>
			<key>isa</key>
			<string>PBXFileReference</string>
			<key>lastKnownFileType</key>
			<string>text.plist.xml</string>
			<key>path</key>
			<string>TFAnimator-Info.plist</string>
			<key>sourceTree</key>
			<string>&lt;group&gt;</string>
		</dict>
		<key>F1F294B3198D147B00DDC1FB</key>
		<dict>
			<key>children</key>
			<array>
				<string>F1F294B4198D147B00DDC1FB</string>
			</array>
			<key>isa</key>
			<string>PBXVariantGroup</string>
			<key>name</key>
			<string>InfoPlist.strings</string>
			<key>sourceTree</key>
			<string>&lt;group&gt;</string>
		</dict>
		<key>F1F294B4198D147B00DDC1FB</key>
		<dict>
			<key>isa</key>
			<string>PBXFileReference</string>
			<key>lastKnownFileType</key>
			<string>text.plist.strings</string>
			<key>name</key>
			<string>en</string>
			<key>path</key>
			<string>en.lproj/InfoPlist.strings</string>
			<key>sourceTree</key>
			<string>&lt;group&gt;</string>
		</dict>
		<key>F1F294B5198D147B00DDC1FB</key>
		<dict>
			<key>fileRef</key>
			<string>F1F294B3198D147B00DDC1FB</string>
			<key>isa</key>
			<string>PBXBuildFile</string>
		</dict>
		<key>F1F294B6198D147B00DDC1FB</key>
		<dict>
			<key>isa</key>
			<string>PBXFileReference</string>
			<key>lastKnownFileType</key>
			<string>sourcecode.c.objc</string>
			<key>path</key>
			<string>main.m</string>
			<key>sourceTree</key>
			<string>&lt;group&gt;</string>
		</dict>
		<key>F1F294B7198D147B00DDC1FB</key>
		<dict>
			<key>fileRef</key>
			<string>F1F294B6198D147B00DDC1FB</string>
			<key>isa</key>
			<string>PBXBuildFile</string>
		</dict>
		<key>F1F294B8198D147B00DDC1FB</key>
		<dict>
			<key>isa</key>
			<string>PBXFileReference</string>
			<key>lastKnownFileType</key>
			<string>sourcecode.c.h</string>
			<key>path</key>
			<string>TFAnimator-Prefix.pch</string>
			<key>sourceTree</key>
			<string>&lt;group&gt;</string>
		</dict>
		<key>F1F294B9198D147B00DDC1FB</key>
		<dict>
			<key>isa</key>
			<string>PBXFileReference</string>
			<key>lastKnownFileType</key>
			<string>sourcecode.c.h</string>
			<key>path</key>
			<string>TFAppDelegate.h</string>
			<key>sourceTree</key>
			<string>&lt;group&gt;</string>
		</dict>
		<key>F1F294BA198D147B00DDC1FB</key>
		<dict>
			<key>isa</key>
			<string>PBXFileReference</string>
			<key>lastKnownFileType</key>
			<string>sourcecode.c.objc</string>
			<key>path</key>
			<string>TFAppDelegate.m</string>
			<key>sourceTree</key>
			<string>&lt;group&gt;</string>
		</dict>
		<key>F1F294BB198D147B00DDC1FB</key>
		<dict>
			<key>fileRef</key>
			<string>F1F294BA198D147B00DDC1FB</string>
			<key>isa</key>
			<string>PBXBuildFile</string>
		</dict>
		<key>F1F294BC198D147B00DDC1FB</key>
		<dict>
			<key>children</key>
			<array>
				<string>F1F294BD198D147B00DDC1FB</string>
			</array>
			<key>isa</key>
			<string>PBXVariantGroup</string>
			<key>name</key>
			<string>Main.storyboard</string>
			<key>sourceTree</key>
			<string>&lt;group&gt;</string>
		</dict>
		<key>F1F294BD198D147B00DDC1FB</key>
		<dict>
			<key>isa</key>
			<string>PBXFileReference</string>
			<key>lastKnownFileType</key>
			<string>file.storyboard</string>
			<key>name</key>
			<string>Base</string>
			<key>path</key>
			<string>Base.lproj/Main.storyboard</string>
			<key>sourceTree</key>
			<string>&lt;group&gt;</string>
		</dict>
		<key>F1F294BE198D147B00DDC1FB</key>
		<dict>
			<key>fileRef</key>
			<string>F1F294BC198D147B00DDC1FB</string>
			<key>isa</key>
			<string>PBXBuildFile</string>
		</dict>
		<key>F1F294C2198D147B00DDC1FB</key>
		<dict>
			<key>isa</key>
			<string>PBXFileReference</string>
			<key>lastKnownFileType</key>
			<string>folder.assetcatalog</string>
			<key>path</key>
			<string>Images.xcassets</string>
			<key>sourceTree</key>
			<string>&lt;group&gt;</string>
		</dict>
		<key>F1F294C3198D147B00DDC1FB</key>
		<dict>
			<key>fileRef</key>
			<string>F1F294C2198D147B00DDC1FB</string>
			<key>isa</key>
			<string>PBXBuildFile</string>
		</dict>
		<key>F1F294D7198D147B00DDC1FB</key>
		<dict>
			<key>buildSettings</key>
			<dict>
				<key>ALWAYS_SEARCH_USER_PATHS</key>
				<string>NO</string>
				<key>CLANG_CXX_LANGUAGE_STANDARD</key>
				<string>gnu++0x</string>
				<key>CLANG_CXX_LIBRARY</key>
				<string>libc++</string>
				<key>CLANG_ENABLE_MODULES</key>
				<string>YES</string>
				<key>CLANG_ENABLE_OBJC_ARC</key>
				<string>YES</string>
				<key>CLANG_WARN_BOOL_CONVERSION</key>
				<string>YES</string>
				<key>CLANG_WARN_CONSTANT_CONVERSION</key>
				<string>YES</string>
				<key>CLANG_WARN_DIRECT_OBJC_ISA_USAGE</key>
				<string>YES_ERROR</string>
				<key>CLANG_WARN_EMPTY_BODY</key>
				<string>YES</string>
				<key>CLANG_WARN_ENUM_CONVERSION</key>
				<string>YES</string>
				<key>CLANG_WARN_INT_CONVERSION</key>
				<string>YES</string>
				<key>CLANG_WARN_OBJC_ROOT_CLASS</key>
				<string>YES_ERROR</string>
				<key>CLANG_WARN__DUPLICATE_METHOD_MATCH</key>
				<string>YES</string>
				<key>CODE_SIGN_IDENTITY[sdk=iphoneos*]</key>
				<string>iPhone Developer</string>
				<key>COPY_PHASE_STRIP</key>
				<string>NO</string>
				<key>GCC_C_LANGUAGE_STANDARD</key>
				<string>gnu99</string>
				<key>GCC_DYNAMIC_NO_PIC</key>
				<string>NO</string>
				<key>GCC_OPTIMIZATION_LEVEL</key>
				<string>0</string>
				<key>GCC_PREPROCESSOR_DEFINITIONS</key>
				<array>
					<string>DEBUG=1</string>
					<string>$(inherited)</string>
				</array>
				<key>GCC_SYMBOLS_PRIVATE_EXTERN</key>
				<string>NO</string>
				<key>GCC_WARN_64_TO_32_BIT_CONVERSION</key>
				<string>YES</string>
				<key>GCC_WARN_ABOUT_RETURN_TYPE</key>
				<string>YES_ERROR</string>
				<key>GCC_WARN_UNDECLARED_SELECTOR</key>
				<string>YES</string>
				<key>GCC_WARN_UNINITIALIZED_AUTOS</key>
				<string>YES_AGGRESSIVE</string>
				<key>GCC_WARN_UNUSED_FUNCTION</key>
				<string>YES</string>
				<key>GCC_WARN_UNUSED_VARIABLE</key>
				<string>YES</string>
				<key>IPHONEOS_DEPLOYMENT_TARGET</key>
				<string>7.1</string>
				<key>ONLY_ACTIVE_ARCH</key>
				<string>YES</string>
				<key>SDKROOT</key>
				<string>iphoneos</string>
				<key>TARGETED_DEVICE_FAMILY</key>
				<string>2</string>
			</dict>
			<key>isa</key>
			<string>XCBuildConfiguration</string>
			<key>name</key>
			<string>Debug</string>
		</dict>
		<key>F1F294D8198D147B00DDC1FB</key>
		<dict>
			<key>buildSettings</key>
			<dict>
				<key>ALWAYS_SEARCH_USER_PATHS</key>
				<string>NO</string>
				<key>CLANG_CXX_LANGUAGE_STANDARD</key>
				<string>gnu++0x</string>
				<key>CLANG_CXX_LIBRARY</key>
				<string>libc++</string>
				<key>CLANG_ENABLE_MODULES</key>
				<string>YES</string>
				<key>CLANG_ENABLE_OBJC_ARC</key>
				<string>YES</string>
				<key>CLANG_WARN_BOOL_CONVERSION</key>
				<string>YES</string>
				<key>CLANG_WARN_CONSTANT_CONVERSION</key>
				<string>YES</string>
				<key>CLANG_WARN_DIRECT_OBJC_ISA_USAGE</key>
				<string>YES_ERROR</string>
				<key>CLANG_WARN_EMPTY_BODY</key>
				<string>YES</string>
				<key>CLANG_WARN_ENUM_CONVERSION</key>
				<string>YES</string>
				<key>CLANG_WARN_INT_CONVERSION</key>
				<string>YES</string>
				<key>CLANG_WARN_OBJC_ROOT_CLASS</key>
				<string>YES_ERROR</string>
				<key>CLANG_WARN__DUPLICATE_METHOD_MATCH</key>
				<string>YES</string>
				<key>CODE_SIGN_IDENTITY[sdk=iphoneos*]</key>
				<string>iPhone Developer</string>
				<key>COPY_PHASE_STRIP</key>
				<string>YES</string>
				<key>ENABLE_NS_ASSERTIONS</key>
				<string>NO</string>
				<key>GCC_C_LANGUAGE_STANDARD</key>
				<string>gnu99</string>
				<key>GCC_WARN_64_TO_32_BIT_CONVERSION</key>
				<string>YES</string>
				<key>GCC_WARN_ABOUT_RETURN_TYPE</key>
				<string>YES_ERROR</string>
				<key>GCC_WARN_UNDECLARED_SELECTOR</key>
				<string>YES</string>
				<key>GCC_WARN_UNINITIALIZED_AUTOS</key>
				<string>YES_AGGRESSIVE</string>
				<key>GCC_WARN_UNUSED_FUNCTION</key>
				<string>YES</string>
				<key>GCC_WARN_UNUSED_VARIABLE</key>
				<string>YES</string>
				<key>IPHONEOS_DEPLOYMENT_TARGET</key>
				<string>7.1</string>
				<key>SDKROOT</key>
				<string>iphoneos</string>
				<key>TARGETED_DEVICE_FAMILY</key>
				<string>2</string>
				<key>VALIDATE_PRODUCT</key>
				<string>YES</string>
			</dict>
			<key>isa</key>
			<string>XCBuildConfiguration</string>
			<key>name</key>
			<string>Release</string>
		</dict>
		<key>F1F294D9198D147B00DDC1FB</key>
		<dict>
			<key>buildConfigurations</key>
			<array>
				<string>F1F294DA198D147B00DDC1FB</string>
				<string>F1F294DB198D147B00DDC1FB</string>
			</array>
			<key>defaultConfigurationIsVisible</key>
			<string>0</string>
			<key>defaultConfigurationName</key>
			<string>Release</string>
			<key>isa</key>
			<string>XCConfigurationList</string>
		</dict>
		<key>F1F294DA198D147B00DDC1FB</key>
		<dict>
			<key>baseConfigurationReference</key>
			<string>A8BECEAAFAE24E57BE6DA62B</string>
			<key>buildSettings</key>
			<dict>
				<key>ASSETCATALOG_COMPILER_APPICON_NAME</key>
				<string>AppIcon</string>
				<key>ASSETCATALOG_COMPILER_LAUNCHIMAGE_NAME</key>
				<string>LaunchImage</string>
				<key>GCC_PRECOMPILE_PREFIX_HEADER</key>
				<string>YES</string>
				<key>GCC_PREFIX_HEADER</key>
				<string>TFAnimator/TFAnimator-Prefix.pch</string>
				<key>INFOPLIST_FILE</key>
				<string>TFAnimator/TFAnimator-Info.plist</string>
				<key>PRODUCT_NAME</key>
				<string>$(TARGET_NAME)</string>
				<key>WRAPPER_EXTENSION</key>
				<string>app</string>
			</dict>
			<key>isa</key>
			<string>XCBuildConfiguration</string>
			<key>name</key>
			<string>Debug</string>
		</dict>
		<key>F1F294DB198D147B00DDC1FB</key>
		<dict>
			<key>baseConfigurationReference</key>
			<string>A8BECEAAFAE24E57BE6DA62B</string>
			<key>buildSettings</key>
			<dict>
				<key>ASSETCATALOG_COMPILER_APPICON_NAME</key>
				<string>AppIcon</string>
				<key>ASSETCATALOG_COMPILER_LAUNCHIMAGE_NAME</key>
				<string>LaunchImage</string>
				<key>GCC_PRECOMPILE_PREFIX_HEADER</key>
				<string>YES</string>
				<key>GCC_PREFIX_HEADER</key>
				<string>TFAnimator/TFAnimator-Prefix.pch</string>
				<key>INFOPLIST_FILE</key>
				<string>TFAnimator/TFAnimator-Info.plist</string>
				<key>PRODUCT_NAME</key>
				<string>$(TARGET_NAME)</string>
				<key>WRAPPER_EXTENSION</key>
				<string>app</string>
			</dict>
			<key>isa</key>
			<string>XCBuildConfiguration</string>
			<key>name</key>
			<string>Release</string>
		</dict>
		<key>F1F294E7198D220A00DDC1FB</key>
		<dict>
			<key>children</key>
			<array>
				<string>F1F29510198E32C300DDC1FB</string>
				<string>F1F29516198E32C300DDC1FB</string>
				<string>F1F29513198E32C300DDC1FB</string>
				<string>F1F2950A198E32C300DDC1FB</string>
				<string>F1F2950D198E32C300DDC1FB</string>
				<string>F1F2951F198E32E100DDC1FB</string>
				<string>F1F29507198E32C300DDC1FB</string>
			</array>
			<key>isa</key>
			<string>PBXGroup</string>
			<key>path</key>
			<string>View Controllers</string>
			<key>sourceTree</key>
			<string>&lt;group&gt;</string>
		</dict>
		<key>F1F294EE198D2A7F00DDC1FB</key>
		<dict>
			<key>children</key>
			<array>
				<string>F1F294FD198D737900DDC1FB</string>
				<string>F1F294EF198D2A9200DDC1FB</string>
				<string>F1F294F0198D2A9200DDC1FB</string>
			</array>
			<key>isa</key>
			<string>PBXGroup</string>
			<key>path</key>
			<string>Helper</string>
			<key>sourceTree</key>
			<string>&lt;group&gt;</string>
		</dict>
		<key>F1F294EF198D2A9200DDC1FB</key>
		<dict>
			<key>fileEncoding</key>
			<string>4</string>
			<key>isa</key>
			<string>PBXFileReference</string>
			<key>lastKnownFileType</key>
			<string>sourcecode.c.h</string>
			<key>path</key>
			<string>UIColor+RandomColor.h</string>
			<key>sourceTree</key>
			<string>&lt;group&gt;</string>
		</dict>
		<key>F1F294F0198D2A9200DDC1FB</key>
		<dict>
			<key>fileEncoding</key>
			<string>4</string>
			<key>isa</key>
			<string>PBXFileReference</string>
			<key>lastKnownFileType</key>
			<string>sourcecode.c.objc</string>
			<key>path</key>
			<string>UIColor+RandomColor.m</string>
			<key>sourceTree</key>
			<string>&lt;group&gt;</string>
		</dict>
		<key>F1F294F1198D2A9200DDC1FB</key>
		<dict>
			<key>fileRef</key>
			<string>F1F294F0198D2A9200DDC1FB</string>
			<key>isa</key>
			<string>PBXBuildFile</string>
		</dict>
		<key>F1F294F5198D578B00DDC1FB</key>
		<dict>
			<key>children</key>
			<array>
				<string>F1F294F9198D694100DDC1FB</string>
				<string>F1F294FA198D694100DDC1FB</string>
			</array>
			<key>isa</key>
			<string>PBXGroup</string>
			<key>path</key>
			<string>Model</string>
			<key>sourceTree</key>
			<string>&lt;group&gt;</string>
		</dict>
		<key>F1F294F9198D694100DDC1FB</key>
		<dict>
			<key>fileEncoding</key>
			<string>4</string>
			<key>isa</key>
			<string>PBXFileReference</string>
			<key>lastKnownFileType</key>
			<string>sourcecode.c.h</string>
			<key>path</key>
			<string>TFFunction.h</string>
			<key>sourceTree</key>
			<string>&lt;group&gt;</string>
		</dict>
		<key>F1F294FA198D694100DDC1FB</key>
		<dict>
			<key>fileEncoding</key>
			<string>4</string>
			<key>isa</key>
			<string>PBXFileReference</string>
			<key>lastKnownFileType</key>
			<string>sourcecode.c.objc</string>
			<key>path</key>
			<string>TFFunction.m</string>
			<key>sourceTree</key>
			<string>&lt;group&gt;</string>
		</dict>
		<key>F1F294FB198D694100DDC1FB</key>
		<dict>
			<key>fileRef</key>
			<string>F1F294FA198D694100DDC1FB</string>
			<key>isa</key>
			<string>PBXBuildFile</string>
		</dict>
		<key>F1F294FD198D737900DDC1FB</key>
		<dict>
			<key>isa</key>
			<string>PBXFileReference</string>
			<key>lastKnownFileType</key>
			<string>sourcecode.c.h</string>
			<key>path</key>
			<string>CGGeometryFunctions.h</string>
			<key>sourceTree</key>
			<string>&lt;group&gt;</string>
		</dict>
		<key>F1F29507198E32C300DDC1FB</key>
		<dict>
			<key>children</key>
			<array>
				<string>F1F29508198E32C300DDC1FB</string>
				<string>F1F29509198E32C300DDC1FB</string>
			</array>
			<key>isa</key>
			<string>PBXGroup</string>
			<key>path</key>
			<string>Bar Chart</string>
			<key>sourceTree</key>
			<string>&lt;group&gt;</string>
		</dict>
		<key>F1F29508198E32C300DDC1FB</key>
		<dict>
			<key>fileEncoding</key>
			<string>4</string>
			<key>isa</key>
			<string>PBXFileReference</string>
			<key>lastKnownFileType</key>
			<string>sourcecode.c.h</string>
			<key>path</key>
			<string>TFBarChartViewController.h</string>
			<key>sourceTree</key>
			<string>&lt;group&gt;</string>
		</dict>
		<key>F1F29509198E32C300DDC1FB</key>
		<dict>
			<key>fileEncoding</key>
			<string>4</string>
			<key>isa</key>
			<string>PBXFileReference</string>
			<key>lastKnownFileType</key>
			<string>sourcecode.c.objc</string>
			<key>path</key>
			<string>TFBarChartViewController.m</string>
			<key>sourceTree</key>
			<string>&lt;group&gt;</string>
		</dict>
		<key>F1F2950A198E32C300DDC1FB</key>
		<dict>
			<key>children</key>
			<array>
				<string>F1F2950B198E32C300DDC1FB</string>
				<string>F1F2950C198E32C300DDC1FB</string>
			</array>
			<key>isa</key>
			<string>PBXGroup</string>
			<key>path</key>
			<string>Box</string>
			<key>sourceTree</key>
			<string>&lt;group&gt;</string>
		</dict>
		<key>F1F2950B198E32C300DDC1FB</key>
		<dict>
			<key>fileEncoding</key>
			<string>4</string>
			<key>isa</key>
			<string>PBXFileReference</string>
			<key>lastKnownFileType</key>
			<string>sourcecode.c.h</string>
			<key>path</key>
			<string>TFBoxViewController.h</string>
			<key>sourceTree</key>
			<string>&lt;group&gt;</string>
		</dict>
		<key>F1F2950C198E32C300DDC1FB</key>
		<dict>
			<key>fileEncoding</key>
			<string>4</string>
			<key>isa</key>
			<string>PBXFileReference</string>
			<key>lastKnownFileType</key>
			<string>sourcecode.c.objc</string>
			<key>path</key>
			<string>TFBoxViewController.m</string>
			<key>sourceTree</key>
			<string>&lt;group&gt;</string>
		</dict>
		<key>F1F2950D198E32C300DDC1FB</key>
		<dict>
			<key>children</key>
			<array>
				<string>F1F2950E198E32C300DDC1FB</string>
				<string>F1F2950F198E32C300DDC1FB</string>
			</array>
			<key>isa</key>
			<string>PBXGroup</string>
			<key>path</key>
			<string>Color</string>
			<key>sourceTree</key>
			<string>&lt;group&gt;</string>
		</dict>
		<key>F1F2950E198E32C300DDC1FB</key>
		<dict>
			<key>fileEncoding</key>
			<string>4</string>
			<key>isa</key>
			<string>PBXFileReference</string>
			<key>lastKnownFileType</key>
			<string>sourcecode.c.h</string>
			<key>path</key>
			<string>TFColorViewController.h</string>
			<key>sourceTree</key>
			<string>&lt;group&gt;</string>
		</dict>
		<key>F1F2950F198E32C300DDC1FB</key>
		<dict>
			<key>fileEncoding</key>
			<string>4</string>
			<key>isa</key>
			<string>PBXFileReference</string>
			<key>lastKnownFileType</key>
			<string>sourcecode.c.objc</string>
			<key>path</key>
			<string>TFColorViewController.m</string>
			<key>sourceTree</key>
			<string>&lt;group&gt;</string>
		</dict>
		<key>F1F29510198E32C300DDC1FB</key>
		<dict>
			<key>children</key>
			<array>
				<string>F1F29511198E32C300DDC1FB</string>
				<string>F1F29512198E32C300DDC1FB</string>
			</array>
			<key>isa</key>
			<string>PBXGroup</string>
			<key>path</key>
			<string>Common</string>
			<key>sourceTree</key>
			<string>&lt;group&gt;</string>
		</dict>
		<key>F1F29511198E32C300DDC1FB</key>
		<dict>
			<key>fileEncoding</key>
			<string>4</string>
			<key>isa</key>
			<string>PBXFileReference</string>
			<key>lastKnownFileType</key>
			<string>sourcecode.c.h</string>
			<key>path</key>
			<string>TFFunctionsTableView.h</string>
			<key>sourceTree</key>
			<string>&lt;group&gt;</string>
		</dict>
		<key>F1F29512198E32C300DDC1FB</key>
		<dict>
			<key>fileEncoding</key>
			<string>4</string>
			<key>isa</key>
			<string>PBXFileReference</string>
			<key>lastKnownFileType</key>
			<string>sourcecode.c.objc</string>
			<key>path</key>
			<string>TFFunctionsTableView.m</string>
			<key>sourceTree</key>
			<string>&lt;group&gt;</string>
		</dict>
		<key>F1F29513198E32C300DDC1FB</key>
		<dict>
			<key>children</key>
			<array>
				<string>F1F29514198E32C300DDC1FB</string>
				<string>F1F29515198E32C300DDC1FB</string>
			</array>
			<key>isa</key>
			<string>PBXGroup</string>
			<key>path</key>
			<string>Draw Functions</string>
			<key>sourceTree</key>
			<string>&lt;group&gt;</string>
		</dict>
		<key>F1F29514198E32C300DDC1FB</key>
		<dict>
			<key>fileEncoding</key>
			<string>4</string>
			<key>isa</key>
			<string>PBXFileReference</string>
			<key>lastKnownFileType</key>
			<string>sourcecode.c.h</string>
			<key>path</key>
			<string>TFDrawFunctionsViewController.h</string>
			<key>sourceTree</key>
			<string>&lt;group&gt;</string>
		</dict>
		<key>F1F29515198E32C300DDC1FB</key>
		<dict>
			<key>fileEncoding</key>
			<string>4</string>
			<key>isa</key>
			<string>PBXFileReference</string>
			<key>lastKnownFileType</key>
			<string>sourcecode.c.objc</string>
			<key>path</key>
			<string>TFDrawFunctionsViewController.m</string>
			<key>sourceTree</key>
			<string>&lt;group&gt;</string>
		</dict>
		<key>F1F29516198E32C300DDC1FB</key>
		<dict>
			<key>children</key>
			<array>
				<string>F1F29517198E32C300DDC1FB</string>
				<string>F1F29518198E32C300DDC1FB</string>
			</array>
			<key>isa</key>
			<string>PBXGroup</string>
			<key>path</key>
			<string>Home</string>
			<key>sourceTree</key>
			<string>&lt;group&gt;</string>
		</dict>
		<key>F1F29517198E32C300DDC1FB</key>
		<dict>
			<key>fileEncoding</key>
			<string>4</string>
			<key>isa</key>
			<string>PBXFileReference</string>
			<key>lastKnownFileType</key>
			<string>sourcecode.c.h</string>
			<key>path</key>
			<string>TFHomeViewController.h</string>
			<key>sourceTree</key>
			<string>&lt;group&gt;</string>
		</dict>
		<key>F1F29518198E32C300DDC1FB</key>
		<dict>
			<key>fileEncoding</key>
			<string>4</string>
			<key>isa</key>
			<string>PBXFileReference</string>
			<key>lastKnownFileType</key>
			<string>sourcecode.c.objc</string>
			<key>path</key>
			<string>TFHomeViewController.m</string>
			<key>sourceTree</key>
			<string>&lt;group&gt;</string>
		</dict>
		<key>F1F29519198E32C300DDC1FB</key>
		<dict>
			<key>fileRef</key>
			<string>F1F29509198E32C300DDC1FB</string>
			<key>isa</key>
			<string>PBXBuildFile</string>
		</dict>
		<key>F1F2951A198E32C300DDC1FB</key>
		<dict>
			<key>fileRef</key>
			<string>F1F2950C198E32C300DDC1FB</string>
			<key>isa</key>
			<string>PBXBuildFile</string>
		</dict>
		<key>F1F2951B198E32C300DDC1FB</key>
		<dict>
			<key>fileRef</key>
			<string>F1F2950F198E32C300DDC1FB</string>
			<key>isa</key>
			<string>PBXBuildFile</string>
		</dict>
		<key>F1F2951C198E32C300DDC1FB</key>
		<dict>
			<key>fileRef</key>
			<string>F1F29512198E32C300DDC1FB</string>
			<key>isa</key>
			<string>PBXBuildFile</string>
		</dict>
		<key>F1F2951D198E32C300DDC1FB</key>
		<dict>
			<key>fileRef</key>
			<string>F1F29515198E32C300DDC1FB</string>
			<key>isa</key>
			<string>PBXBuildFile</string>
		</dict>
		<key>F1F2951E198E32C300DDC1FB</key>
		<dict>
			<key>fileRef</key>
			<string>F1F29518198E32C300DDC1FB</string>
			<key>isa</key>
			<string>PBXBuildFile</string>
		</dict>
		<key>F1F2951F198E32E100DDC1FB</key>
		<dict>
			<key>children</key>
			<array>
				<string>F1F29520198E341500DDC1FB</string>
				<string>F1F29521198E341500DDC1FB</string>
			</array>
			<key>isa</key>
			<string>PBXGroup</string>
			<key>path</key>
			<string>Label</string>
			<key>sourceTree</key>
			<string>&lt;group&gt;</string>
		</dict>
		<key>F1F29520198E341500DDC1FB</key>
		<dict>
			<key>fileEncoding</key>
			<string>4</string>
			<key>isa</key>
			<string>PBXFileReference</string>
			<key>lastKnownFileType</key>
			<string>sourcecode.c.h</string>
			<key>path</key>
			<string>TFLabelViewController.h</string>
			<key>sourceTree</key>
			<string>&lt;group&gt;</string>
		</dict>
		<key>F1F29521198E341500DDC1FB</key>
		<dict>
			<key>fileEncoding</key>
			<string>4</string>
			<key>isa</key>
			<string>PBXFileReference</string>
			<key>lastKnownFileType</key>
			<string>sourcecode.c.objc</string>
			<key>path</key>
			<string>TFLabelViewController.m</string>
			<key>sourceTree</key>
			<string>&lt;group&gt;</string>
		</dict>
		<key>F1F29522198E341500DDC1FB</key>
		<dict>
			<key>fileRef</key>
			<string>F1F29521198E341500DDC1FB</string>
			<key>isa</key>
			<string>PBXBuildFile</string>
		</dict>
	</dict>
	<key>rootObject</key>
	<string>F1F2949F198D147B00DDC1FB</string>
</dict>
</plist>
