// !$*UTF8*$!
{
	archiveVersion = 1;
	classes = {
	};
	objectVersion = 46;
	objects = {

/* Begin PBXBuildFile section */
		F15B3A631A38C0B2004FC45F /* PRTweenTimingFunctions.m in Sources */ = {isa = PBXBuildFile; fileRef = F15B3A601A38C0B2004FC45F /* PRTweenTimingFunctions.m */; };
		F15B3A641A38C0B2004FC45F /* TFAnimator.m in Sources */ = {isa = PBXBuildFile; fileRef = F15B3A621A38C0B2004FC45F /* TFAnimator.m */; };
		F1F294AB198D147B00DDC1FB /* Foundation.framework in Frameworks */ = {isa = PBXBuildFile; fileRef = F1F294AA198D147B00DDC1FB /* Foundation.framework */; };
		F1F294AD198D147B00DDC1FB /* CoreGraphics.framework in Frameworks */ = {isa = PBXBuildFile; fileRef = F1F294AC198D147B00DDC1FB /* CoreGraphics.framework */; };
		F1F294AF198D147B00DDC1FB /* UIKit.framework in Frameworks */ = {isa = PBXBuildFile; fileRef = F1F294AE198D147B00DDC1FB /* UIKit.framework */; };
		F1F294B5198D147B00DDC1FB /* InfoPlist.strings in Resources */ = {isa = PBXBuildFile; fileRef = F1F294B3198D147B00DDC1FB /* InfoPlist.strings */; };
		F1F294B7198D147B00DDC1FB /* main.m in Sources */ = {isa = PBXBuildFile; fileRef = F1F294B6198D147B00DDC1FB /* main.m */; };
		F1F294BB198D147B00DDC1FB /* TFAppDelegate.m in Sources */ = {isa = PBXBuildFile; fileRef = F1F294BA198D147B00DDC1FB /* TFAppDelegate.m */; };
		F1F294BE198D147B00DDC1FB /* Main.storyboard in Resources */ = {isa = PBXBuildFile; fileRef = F1F294BC198D147B00DDC1FB /* Main.storyboard */; };
		F1F294C3198D147B00DDC1FB /* Images.xcassets in Resources */ = {isa = PBXBuildFile; fileRef = F1F294C2198D147B00DDC1FB /* Images.xcassets */; };
		F1F294F1198D2A9200DDC1FB /* UIColor+RandomColor.m in Sources */ = {isa = PBXBuildFile; fileRef = F1F294F0198D2A9200DDC1FB /* UIColor+RandomColor.m */; };
		F1F294FB198D694100DDC1FB /* TFFunction.m in Sources */ = {isa = PBXBuildFile; fileRef = F1F294FA198D694100DDC1FB /* TFFunction.m */; };
		F1F29519198E32C300DDC1FB /* TFBarChartViewController.m in Sources */ = {isa = PBXBuildFile; fileRef = F1F29509198E32C300DDC1FB /* TFBarChartViewController.m */; };
		F1F2951A198E32C300DDC1FB /* TFBoxViewController.m in Sources */ = {isa = PBXBuildFile; fileRef = F1F2950C198E32C300DDC1FB /* TFBoxViewController.m */; };
		F1F2951B198E32C300DDC1FB /* TFColorViewController.m in Sources */ = {isa = PBXBuildFile; fileRef = F1F2950F198E32C300DDC1FB /* TFColorViewController.m */; };
		F1F2951C198E32C300DDC1FB /* TFFunctionsTableView.m in Sources */ = {isa = PBXBuildFile; fileRef = F1F29512198E32C300DDC1FB /* TFFunctionsTableView.m */; };
		F1F2951D198E32C300DDC1FB /* TFDrawFunctionsViewController.m in Sources */ = {isa = PBXBuildFile; fileRef = F1F29515198E32C300DDC1FB /* TFDrawFunctionsViewController.m */; };
		F1F2951E198E32C300DDC1FB /* TFHomeViewController.m in Sources */ = {isa = PBXBuildFile; fileRef = F1F29518198E32C300DDC1FB /* TFHomeViewController.m */; };
		F1F29522198E341500DDC1FB /* TFLabelViewController.m in Sources */ = {isa = PBXBuildFile; fileRef = F1F29521198E341500DDC1FB /* TFLabelViewController.m */; };
/* End PBXBuildFile section */

/* Begin PBXFileReference section */
		F15B3A5F1A38C0B2004FC45F /* PRTweenTimingFunctions.h */ = {isa = PBXFileReference; fileEncoding = 4; lastKnownFileType = sourcecode.c.h; path = PRTweenTimingFunctions.h; sourceTree = "<group>"; };
		F15B3A601A38C0B2004FC45F /* PRTweenTimingFunctions.m */ = {isa = PBXFileReference; fileEncoding = 4; lastKnownFileType = sourcecode.c.objc; path = PRTweenTimingFunctions.m; sourceTree = "<group>"; };
		F15B3A611A38C0B2004FC45F /* TFAnimator.h */ = {isa = PBXFileReference; fileEncoding = 4; lastKnownFileType = sourcecode.c.h; path = TFAnimator.h; sourceTree = "<group>"; };
		F15B3A621A38C0B2004FC45F /* TFAnimator.m */ = {isa = PBXFileReference; fileEncoding = 4; lastKnownFileType = sourcecode.c.objc; path = TFAnimator.m; sourceTree = "<group>"; };
		F1F294A7198D147B00DDC1FB /* TFAnimator.app */ = {isa = PBXFileReference; explicitFileType = wrapper.application; includeInIndex = 0; path = TFAnimator.app; sourceTree = BUILT_PRODUCTS_DIR; };
		F1F294AA198D147B00DDC1FB /* Foundation.framework */ = {isa = PBXFileReference; lastKnownFileType = wrapper.framework; name = Foundation.framework; path = System/Library/Frameworks/Foundation.framework; sourceTree = SDKROOT; };
		F1F294AC198D147B00DDC1FB /* CoreGraphics.framework */ = {isa = PBXFileReference; lastKnownFileType = wrapper.framework; name = CoreGraphics.framework; path = System/Library/Frameworks/CoreGraphics.framework; sourceTree = SDKROOT; };
		F1F294AE198D147B00DDC1FB /* UIKit.framework */ = {isa = PBXFileReference; lastKnownFileType = wrapper.framework; name = UIKit.framework; path = System/Library/Frameworks/UIKit.framework; sourceTree = SDKROOT; };
		F1F294B2198D147B00DDC1FB /* TFAnimator-Info.plist */ = {isa = PBXFileReference; lastKnownFileType = text.plist.xml; path = "TFAnimator-Info.plist"; sourceTree = "<group>"; };
		F1F294B4198D147B00DDC1FB /* en */ = {isa = PBXFileReference; lastKnownFileType = text.plist.strings; name = en; path = en.lproj/InfoPlist.strings; sourceTree = "<group>"; };
		F1F294B6198D147B00DDC1FB /* main.m */ = {isa = PBXFileReference; lastKnownFileType = sourcecode.c.objc; path = main.m; sourceTree = "<group>"; };
		F1F294B8198D147B00DDC1FB /* TFAnimator-Prefix.pch */ = {isa = PBXFileReference; lastKnownFileType = sourcecode.c.h; path = "TFAnimator-Prefix.pch"; sourceTree = "<group>"; };
		F1F294B9198D147B00DDC1FB /* TFAppDelegate.h */ = {isa = PBXFileReference; lastKnownFileType = sourcecode.c.h; path = TFAppDelegate.h; sourceTree = "<group>"; };
		F1F294BA198D147B00DDC1FB /* TFAppDelegate.m */ = {isa = PBXFileReference; lastKnownFileType = sourcecode.c.objc; path = TFAppDelegate.m; sourceTree = "<group>"; };
		F1F294BD198D147B00DDC1FB /* Base */ = {isa = PBXFileReference; lastKnownFileType = file.storyboard; name = Base; path = Base.lproj/Main.storyboard; sourceTree = "<group>"; };
		F1F294C2198D147B00DDC1FB /* Images.xcassets */ = {isa = PBXFileReference; lastKnownFileType = folder.assetcatalog; path = Images.xcassets; sourceTree = "<group>"; };
		F1F294EF198D2A9200DDC1FB /* UIColor+RandomColor.h */ = {isa = PBXFileReference; fileEncoding = 4; lastKnownFileType = sourcecode.c.h; path = "UIColor+RandomColor.h"; sourceTree = "<group>"; };
		F1F294F0198D2A9200DDC1FB /* UIColor+RandomColor.m */ = {isa = PBXFileReference; fileEncoding = 4; lastKnownFileType = sourcecode.c.objc; path = "UIColor+RandomColor.m"; sourceTree = "<group>"; };
		F1F294F9198D694100DDC1FB /* TFFunction.h */ = {isa = PBXFileReference; fileEncoding = 4; lastKnownFileType = sourcecode.c.h; path = TFFunction.h; sourceTree = "<group>"; };
		F1F294FA198D694100DDC1FB /* TFFunction.m */ = {isa = PBXFileReference; fileEncoding = 4; lastKnownFileType = sourcecode.c.objc; path = TFFunction.m; sourceTree = "<group>"; };
		F1F294FD198D737900DDC1FB /* CGGeometryFunctions.h */ = {isa = PBXFileReference; lastKnownFileType = sourcecode.c.h; path = CGGeometryFunctions.h; sourceTree = "<group>"; };
		F1F29508198E32C300DDC1FB /* TFBarChartViewController.h */ = {isa = PBXFileReference; fileEncoding = 4; lastKnownFileType = sourcecode.c.h; path = TFBarChartViewController.h; sourceTree = "<group>"; };
		F1F29509198E32C300DDC1FB /* TFBarChartViewController.m */ = {isa = PBXFileReference; fileEncoding = 4; lastKnownFileType = sourcecode.c.objc; path = TFBarChartViewController.m; sourceTree = "<group>"; };
		F1F2950B198E32C300DDC1FB /* TFBoxViewController.h */ = {isa = PBXFileReference; fileEncoding = 4; lastKnownFileType = sourcecode.c.h; path = TFBoxViewController.h; sourceTree = "<group>"; };
		F1F2950C198E32C300DDC1FB /* TFBoxViewController.m */ = {isa = PBXFileReference; fileEncoding = 4; lastKnownFileType = sourcecode.c.objc; path = TFBoxViewController.m; sourceTree = "<group>"; };
		F1F2950E198E32C300DDC1FB /* TFColorViewController.h */ = {isa = PBXFileReference; fileEncoding = 4; lastKnownFileType = sourcecode.c.h; path = TFColorViewController.h; sourceTree = "<group>"; };
		F1F2950F198E32C300DDC1FB /* TFColorViewController.m */ = {isa = PBXFileReference; fileEncoding = 4; lastKnownFileType = sourcecode.c.objc; path = TFColorViewController.m; sourceTree = "<group>"; };
		F1F29511198E32C300DDC1FB /* TFFunctionsTableView.h */ = {isa = PBXFileReference; fileEncoding = 4; lastKnownFileType = sourcecode.c.h; path = TFFunctionsTableView.h; sourceTree = "<group>"; };
		F1F29512198E32C300DDC1FB /* TFFunctionsTableView.m */ = {isa = PBXFileReference; fileEncoding = 4; lastKnownFileType = sourcecode.c.objc; path = TFFunctionsTableView.m; sourceTree = "<group>"; };
		F1F29514198E32C300DDC1FB /* TFDrawFunctionsViewController.h */ = {isa = PBXFileReference; fileEncoding = 4; lastKnownFileType = sourcecode.c.h; path = TFDrawFunctionsViewController.h; sourceTree = "<group>"; };
		F1F29515198E32C300DDC1FB /* TFDrawFunctionsViewController.m */ = {isa = PBXFileReference; fileEncoding = 4; lastKnownFileType = sourcecode.c.objc; path = TFDrawFunctionsViewController.m; sourceTree = "<group>"; };
		F1F29517198E32C300DDC1FB /* TFHomeViewController.h */ = {isa = PBXFileReference; fileEncoding = 4; lastKnownFileType = sourcecode.c.h; path = TFHomeViewController.h; sourceTree = "<group>"; };
		F1F29518198E32C300DDC1FB /* TFHomeViewController.m */ = {isa = PBXFileReference; fileEncoding = 4; lastKnownFileType = sourcecode.c.objc; path = TFHomeViewController.m; sourceTree = "<group>"; };
		F1F29520198E341500DDC1FB /* TFLabelViewController.h */ = {isa = PBXFileReference; fileEncoding = 4; lastKnownFileType = sourcecode.c.h; path = TFLabelViewController.h; sourceTree = "<group>"; };
		F1F29521198E341500DDC1FB /* TFLabelViewController.m */ = {isa = PBXFileReference; fileEncoding = 4; lastKnownFileType = sourcecode.c.objc; path = TFLabelViewController.m; sourceTree = "<group>"; };
/* End PBXFileReference section */

/* Begin PBXFrameworksBuildPhase section */
		F1F294A4198D147B00DDC1FB /* Frameworks */ = {
			isa = PBXFrameworksBuildPhase;
			buildActionMask = 2147483647;
			files = (
				F1F294AD198D147B00DDC1FB /* CoreGraphics.framework in Frameworks */,
				F1F294AF198D147B00DDC1FB /* UIKit.framework in Frameworks */,
				F1F294AB198D147B00DDC1FB /* Foundation.framework in Frameworks */,
			);
			runOnlyForDeploymentPostprocessing = 0;
		};
/* End PBXFrameworksBuildPhase section */

/* Begin PBXGroup section */
		F15B3A5E1A38C0B2004FC45F /* lib */ = {
			isa = PBXGroup;
			children = (
				F15B3A5F1A38C0B2004FC45F /* PRTweenTimingFunctions.h */,
				F15B3A601A38C0B2004FC45F /* PRTweenTimingFunctions.m */,
				F15B3A611A38C0B2004FC45F /* TFAnimator.h */,
				F15B3A621A38C0B2004FC45F /* TFAnimator.m */,
			);
			name = lib;
			path = ../lib;
			sourceTree = "<group>";
		};
		F1F2949E198D147B00DDC1FB = {
			isa = PBXGroup;
			children = (
				F15B3A5E1A38C0B2004FC45F /* lib */,
				F1F294B0198D147B00DDC1FB /* TFAnimator */,
				F1F294A9198D147B00DDC1FB /* Frameworks */,
				F1F294A8198D147B00DDC1FB /* Products */,
			);
			sourceTree = "<group>";
		};
		F1F294A8198D147B00DDC1FB /* Products */ = {
			isa = PBXGroup;
			children = (
				F1F294A7198D147B00DDC1FB /* TFAnimator.app */,
			);
			name = Products;
			sourceTree = "<group>";
		};
		F1F294A9198D147B00DDC1FB /* Frameworks */ = {
			isa = PBXGroup;
			children = (
				F1F294AA198D147B00DDC1FB /* Foundation.framework */,
				F1F294AC198D147B00DDC1FB /* CoreGraphics.framework */,
				F1F294AE198D147B00DDC1FB /* UIKit.framework */,
			);
			name = Frameworks;
			sourceTree = "<group>";
		};
		F1F294B0198D147B00DDC1FB /* TFAnimator */ = {
			isa = PBXGroup;
			children = (
				F1F294BC198D147B00DDC1FB /* Main.storyboard */,
				F1F294B9198D147B00DDC1FB /* TFAppDelegate.h */,
				F1F294BA198D147B00DDC1FB /* TFAppDelegate.m */,
				F1F294EE198D2A7F00DDC1FB /* Helper */,
				F1F294F5198D578B00DDC1FB /* Model */,
				F1F294E7198D220A00DDC1FB /* View Controllers */,
				F1F294B1198D147B00DDC1FB /* Supporting Files */,
			);
			path = TFAnimator;
			sourceTree = "<group>";
		};
		F1F294B1198D147B00DDC1FB /* Supporting Files */ = {
			isa = PBXGroup;
			children = (
				F1F294C2198D147B00DDC1FB /* Images.xcassets */,
				F1F294B2198D147B00DDC1FB /* TFAnimator-Info.plist */,
				F1F294B3198D147B00DDC1FB /* InfoPlist.strings */,
				F1F294B6198D147B00DDC1FB /* main.m */,
				F1F294B8198D147B00DDC1FB /* TFAnimator-Prefix.pch */,
			);
			name = "Supporting Files";
			sourceTree = "<group>";
		};
		F1F294E7198D220A00DDC1FB /* View Controllers */ = {
			isa = PBXGroup;
			children = (
				F1F29510198E32C300DDC1FB /* Common */,
				F1F29516198E32C300DDC1FB /* Home */,
				F1F29513198E32C300DDC1FB /* Draw Functions */,
				F1F2950A198E32C300DDC1FB /* Box */,
				F1F2950D198E32C300DDC1FB /* Color */,
				F1F2951F198E32E100DDC1FB /* Label */,
				F1F29507198E32C300DDC1FB /* Bar Chart */,
			);
			path = "View Controllers";
			sourceTree = "<group>";
		};
		F1F294EE198D2A7F00DDC1FB /* Helper */ = {
			isa = PBXGroup;
			children = (
				F1F294FD198D737900DDC1FB /* CGGeometryFunctions.h */,
				F1F294EF198D2A9200DDC1FB /* UIColor+RandomColor.h */,
				F1F294F0198D2A9200DDC1FB /* UIColor+RandomColor.m */,
			);
			path = Helper;
			sourceTree = "<group>";
		};
		F1F294F5198D578B00DDC1FB /* Model */ = {
			isa = PBXGroup;
			children = (
				F1F294F9198D694100DDC1FB /* TFFunction.h */,
				F1F294FA198D694100DDC1FB /* TFFunction.m */,
			);
			path = Model;
			sourceTree = "<group>";
		};
		F1F29507198E32C300DDC1FB /* Bar Chart */ = {
			isa = PBXGroup;
			children = (
				F1F29508198E32C300DDC1FB /* TFBarChartViewController.h */,
				F1F29509198E32C300DDC1FB /* TFBarChartViewController.m */,
			);
			path = "Bar Chart";
			sourceTree = "<group>";
		};
		F1F2950A198E32C300DDC1FB /* Box */ = {
			isa = PBXGroup;
			children = (
				F1F2950B198E32C300DDC1FB /* TFBoxViewController.h */,
				F1F2950C198E32C300DDC1FB /* TFBoxViewController.m */,
			);
			path = Box;
			sourceTree = "<group>";
		};
		F1F2950D198E32C300DDC1FB /* Color */ = {
			isa = PBXGroup;
			children = (
				F1F2950E198E32C300DDC1FB /* TFColorViewController.h */,
				F1F2950F198E32C300DDC1FB /* TFColorViewController.m */,
			);
			path = Color;
			sourceTree = "<group>";
		};
		F1F29510198E32C300DDC1FB /* Common */ = {
			isa = PBXGroup;
			children = (
				F1F29511198E32C300DDC1FB /* TFFunctionsTableView.h */,
				F1F29512198E32C300DDC1FB /* TFFunctionsTableView.m */,
			);
			path = Common;
			sourceTree = "<group>";
		};
		F1F29513198E32C300DDC1FB /* Draw Functions */ = {
			isa = PBXGroup;
			children = (
				F1F29514198E32C300DDC1FB /* TFDrawFunctionsViewController.h */,
				F1F29515198E32C300DDC1FB /* TFDrawFunctionsViewController.m */,
			);
			path = "Draw Functions";
			sourceTree = "<group>";
		};
		F1F29516198E32C300DDC1FB /* Home */ = {
			isa = PBXGroup;
			children = (
				F1F29517198E32C300DDC1FB /* TFHomeViewController.h */,
				F1F29518198E32C300DDC1FB /* TFHomeViewController.m */,
			);
			path = Home;
			sourceTree = "<group>";
		};
		F1F2951F198E32E100DDC1FB /* Label */ = {
			isa = PBXGroup;
			children = (
				F1F29520198E341500DDC1FB /* TFLabelViewController.h */,
				F1F29521198E341500DDC1FB /* TFLabelViewController.m */,
			);
			path = Label;
			sourceTree = "<group>";
		};
/* End PBXGroup section */

/* Begin PBXNativeTarget section */
		F1F294A6198D147B00DDC1FB /* TFAnimator */ = {
			isa = PBXNativeTarget;
			buildConfigurationList = F1F294D9198D147B00DDC1FB /* Build configuration list for PBXNativeTarget "TFAnimator" */;
			buildPhases = (
				F1F294A3198D147B00DDC1FB /* Sources */,
				F1F294A4198D147B00DDC1FB /* Frameworks */,
				F1F294A5198D147B00DDC1FB /* Resources */,
			);
			buildRules = (
			);
			dependencies = (
			);
			name = TFAnimator;
			productName = TFAnimator;
			productReference = F1F294A7198D147B00DDC1FB /* TFAnimator.app */;
			productType = "com.apple.product-type.application";
		};
/* End PBXNativeTarget section */

/* Begin PBXProject section */
		F1F2949F198D147B00DDC1FB /* Project object */ = {
			isa = PBXProject;
			attributes = {
				CLASSPREFIX = TF;
				LastUpgradeCheck = 0510;
			};
			buildConfigurationList = F1F294A2198D147B00DDC1FB /* Build configuration list for PBXProject "TFAnimator" */;
			compatibilityVersion = "Xcode 3.2";
			developmentRegion = English;
			hasScannedForEncodings = 0;
			knownRegions = (
				en,
				Base,
			);
			mainGroup = F1F2949E198D147B00DDC1FB;
			productRefGroup = F1F294A8198D147B00DDC1FB /* Products */;
			projectDirPath = "";
			projectRoot = "";
			targets = (
				F1F294A6198D147B00DDC1FB /* TFAnimator */,
			);
		};
/* End PBXProject section */

/* Begin PBXResourcesBuildPhase section */
		F1F294A5198D147B00DDC1FB /* Resources */ = {
			isa = PBXResourcesBuildPhase;
			buildActionMask = 2147483647;
			files = (
				F1F294C3198D147B00DDC1FB /* Images.xcassets in Resources */,
				F1F294B5198D147B00DDC1FB /* InfoPlist.strings in Resources */,
				F1F294BE198D147B00DDC1FB /* Main.storyboard in Resources */,
			);
			runOnlyForDeploymentPostprocessing = 0;
		};
/* End PBXResourcesBuildPhase section */

/* Begin PBXSourcesBuildPhase section */
		F1F294A3198D147B00DDC1FB /* Sources */ = {
			isa = PBXSourcesBuildPhase;
			buildActionMask = 2147483647;
			files = (
				F1F294BB198D147B00DDC1FB /* TFAppDelegate.m in Sources */,
				F15B3A631A38C0B2004FC45F /* PRTweenTimingFunctions.m in Sources */,
				F1F2951A198E32C300DDC1FB /* TFBoxViewController.m in Sources */,
				F1F29522198E341500DDC1FB /* TFLabelViewController.m in Sources */,
				F1F2951C198E32C300DDC1FB /* TFFunctionsTableView.m in Sources */,
				F1F2951D198E32C300DDC1FB /* TFDrawFunctionsViewController.m in Sources */,
				F1F29519198E32C300DDC1FB /* TFBarChartViewController.m in Sources */,
				F1F2951B198E32C300DDC1FB /* TFColorViewController.m in Sources */,
				F15B3A641A38C0B2004FC45F /* TFAnimator.m in Sources */,
				F1F2951E198E32C300DDC1FB /* TFHomeViewController.m in Sources */,
				F1F294F1198D2A9200DDC1FB /* UIColor+RandomColor.m in Sources */,
				F1F294FB198D694100DDC1FB /* TFFunction.m in Sources */,
				F1F294B7198D147B00DDC1FB /* main.m in Sources */,
			);
			runOnlyForDeploymentPostprocessing = 0;
		};
/* End PBXSourcesBuildPhase section */

/* Begin PBXVariantGroup section */
		F1F294B3198D147B00DDC1FB /* InfoPlist.strings */ = {
			isa = PBXVariantGroup;
			children = (
				F1F294B4198D147B00DDC1FB /* en */,
			);
			name = InfoPlist.strings;
			sourceTree = "<group>";
		};
		F1F294BC198D147B00DDC1FB /* Main.storyboard */ = {
			isa = PBXVariantGroup;
			children = (
				F1F294BD198D147B00DDC1FB /* Base */,
			);
			name = Main.storyboard;
			sourceTree = "<group>";
		};
/* End PBXVariantGroup section */

/* Begin XCBuildConfiguration section */
		F1F294D7198D147B00DDC1FB /* Debug */ = {
			isa = XCBuildConfiguration;
			buildSettings = {
				ALWAYS_SEARCH_USER_PATHS = NO;
				CLANG_CXX_LANGUAGE_STANDARD = "gnu++0x";
				CLANG_CXX_LIBRARY = "libc++";
				CLANG_ENABLE_MODULES = YES;
				CLANG_ENABLE_OBJC_ARC = YES;
				CLANG_WARN_BOOL_CONVERSION = YES;
				CLANG_WARN_CONSTANT_CONVERSION = YES;
				CLANG_WARN_DIRECT_OBJC_ISA_USAGE = YES_ERROR;
				CLANG_WARN_EMPTY_BODY = YES;
				CLANG_WARN_ENUM_CONVERSION = YES;
				CLANG_WARN_INT_CONVERSION = YES;
				CLANG_WARN_OBJC_ROOT_CLASS = YES_ERROR;
				CLANG_WARN__DUPLICATE_METHOD_MATCH = YES;
				"CODE_SIGN_IDENTITY[sdk=iphoneos*]" = "iPhone Developer";
				COPY_PHASE_STRIP = NO;
				GCC_C_LANGUAGE_STANDARD = gnu99;
				GCC_DYNAMIC_NO_PIC = NO;
				GCC_OPTIMIZATION_LEVEL = 0;
				GCC_PREPROCESSOR_DEFINITIONS = (
					"DEBUG=1",
					"$(inherited)",
				);
				GCC_SYMBOLS_PRIVATE_EXTERN = NO;
				GCC_WARN_64_TO_32_BIT_CONVERSION = YES;
				GCC_WARN_ABOUT_RETURN_TYPE = YES_ERROR;
				GCC_WARN_UNDECLARED_SELECTOR = YES;
				GCC_WARN_UNINITIALIZED_AUTOS = YES_AGGRESSIVE;
				GCC_WARN_UNUSED_FUNCTION = YES;
				GCC_WARN_UNUSED_VARIABLE = YES;
				IPHONEOS_DEPLOYMENT_TARGET = 7.1;
				ONLY_ACTIVE_ARCH = YES;
				SDKROOT = iphoneos;
				TARGETED_DEVICE_FAMILY = 2;
			};
			name = Debug;
		};
		F1F294D8198D147B00DDC1FB /* Release */ = {
			isa = XCBuildConfiguration;
			buildSettings = {
				ALWAYS_SEARCH_USER_PATHS = NO;
				CLANG_CXX_LANGUAGE_STANDARD = "gnu++0x";
				CLANG_CXX_LIBRARY = "libc++";
				CLANG_ENABLE_MODULES = YES;
				CLANG_ENABLE_OBJC_ARC = YES;
				CLANG_WARN_BOOL_CONVERSION = YES;
				CLANG_WARN_CONSTANT_CONVERSION = YES;
				CLANG_WARN_DIRECT_OBJC_ISA_USAGE = YES_ERROR;
				CLANG_WARN_EMPTY_BODY = YES;
				CLANG_WARN_ENUM_CONVERSION = YES;
				CLANG_WARN_INT_CONVERSION = YES;
				CLANG_WARN_OBJC_ROOT_CLASS = YES_ERROR;
				CLANG_WARN__DUPLICATE_METHOD_MATCH = YES;
				"CODE_SIGN_IDENTITY[sdk=iphoneos*]" = "iPhone Developer";
				COPY_PHASE_STRIP = YES;
				ENABLE_NS_ASSERTIONS = NO;
				GCC_C_LANGUAGE_STANDARD = gnu99;
				GCC_WARN_64_TO_32_BIT_CONVERSION = YES;
				GCC_WARN_ABOUT_RETURN_TYPE = YES_ERROR;
				GCC_WARN_UNDECLARED_SELECTOR = YES;
				GCC_WARN_UNINITIALIZED_AUTOS = YES_AGGRESSIVE;
				GCC_WARN_UNUSED_FUNCTION = YES;
				GCC_WARN_UNUSED_VARIABLE = YES;
				IPHONEOS_DEPLOYMENT_TARGET = 7.1;
				SDKROOT = iphoneos;
				TARGETED_DEVICE_FAMILY = 2;
				VALIDATE_PRODUCT = YES;
			};
			name = Release;
		};
		F1F294DA198D147B00DDC1FB /* Debug */ = {
			isa = XCBuildConfiguration;
			buildSettings = {
				ASSETCATALOG_COMPILER_APPICON_NAME = AppIcon;
				ASSETCATALOG_COMPILER_LAUNCHIMAGE_NAME = LaunchImage;
				GCC_PRECOMPILE_PREFIX_HEADER = YES;
				GCC_PREFIX_HEADER = "TFAnimator/TFAnimator-Prefix.pch";
				INFOPLIST_FILE = "TFAnimator/TFAnimator-Info.plist";
				PRODUCT_NAME = "$(TARGET_NAME)";
				WRAPPER_EXTENSION = app;
			};
			name = Debug;
		};
		F1F294DB198D147B00DDC1FB /* Release */ = {
			isa = XCBuildConfiguration;
			buildSettings = {
				ASSETCATALOG_COMPILER_APPICON_NAME = AppIcon;
				ASSETCATALOG_COMPILER_LAUNCHIMAGE_NAME = LaunchImage;
				GCC_PRECOMPILE_PREFIX_HEADER = YES;
				GCC_PREFIX_HEADER = "TFAnimator/TFAnimator-Prefix.pch";
				INFOPLIST_FILE = "TFAnimator/TFAnimator-Info.plist";
				PRODUCT_NAME = "$(TARGET_NAME)";
				WRAPPER_EXTENSION = app;
			};
			name = Release;
		};
/* End XCBuildConfiguration section */

/* Begin XCConfigurationList section */
		F1F294A2198D147B00DDC1FB /* Build configuration list for PBXProject "TFAnimator" */ = {
			isa = XCConfigurationList;
			buildConfigurations = (
				F1F294D7198D147B00DDC1FB /* Debug */,
				F1F294D8198D147B00DDC1FB /* Release */,
			);
			defaultConfigurationIsVisible = 0;
			defaultConfigurationName = Release;
		};
		F1F294D9198D147B00DDC1FB /* Build configuration list for PBXNativeTarget "TFAnimator" */ = {
			isa = XCConfigurationList;
			buildConfigurations = (
				F1F294DA198D147B00DDC1FB /* Debug */,
				F1F294DB198D147B00DDC1FB /* Release */,
			);
			defaultConfigurationIsVisible = 0;
			defaultConfigurationName = Release;
		};
/* End XCConfigurationList section */
	};
	rootObject = F1F2949F198D147B00DDC1FB /* Project object */;
}
